
Microsoft Visual Studio Solution File, Format Version 12.00
# Visual Studio Version 17
VisualStudioVersion = 17.0.31903.59
MinimumVisualStudioVersion = 10.0.40219.1
Project("{FAE04EC0-301F-11D3-BF4B-00C04F79EFBC}") = "WolvenKit.Common", "WolvenKit.Common\WolvenKit.Common.csproj", "{C1D137A2-A617-44FB-91AF-C14667DA7424}"
EndProject
Project("{FAE04EC0-301F-11D3-BF4B-00C04F79EFBC}") = "WolvenKit.Core", "WolvenKit.Core\WolvenKit.Core.csproj", "{7D72DBFB-A371-4FE7-8A4F-09081BBF061E}"
EndProject
Project("{FAE04EC0-301F-11D3-BF4B-00C04F79EFBC}") = "WolvenKit.CLI", "WolvenKit.CLI\WolvenKit.CLI.csproj", "{8751E5D7-6F99-4570-8E71-22BF04541866}"
EndProject
Global
	GlobalSection(SolutionConfigurationPlatforms) = preSolution
		Debug|Any CPU = Debug|Any CPU
		Release|Any CPU = Release|Any CPU
	EndGlobalSection
	GlobalSection(SolutionProperties) = preSolution
		HideSolutionNode = FALSE
	EndGlobalSection
	GlobalSection(ProjectConfigurationPlatforms) = postSolution
		{C1D137A2-A617-44FB-91AF-C14667DA7424}.Debug|Any CPU.ActiveCfg = Debug|x64
		{C1D137A2-A617-44FB-91AF-C14667DA7424}.Debug|Any CPU.Build.0 = Debug|x64
		{C1D137A2-A617-44FB-91AF-C14667DA7424}.Release|Any CPU.ActiveCfg = Release|x64
		{C1D137A2-A617-44FB-91AF-C14667DA7424}.Release|Any CPU.Build.0 = Release|x64
		{7D72DBFB-A371-4FE7-8A4F-09081BBF061E}.Debug|Any CPU.ActiveCfg = Debug|x64
		{7D72DBFB-A371-4FE7-8A4F-09081BBF061E}.Debug|Any CPU.Build.0 = Debug|x64
		{7D72DBFB-A371-4FE7-8A4F-09081BBF061E}.Release|Any CPU.ActiveCfg = Release|x64
		{7D72DBFB-A371-4FE7-8A4F-09081BBF061E}.Release|Any CPU.Build.0 = Release|x64
		{8751E5D7-6F99-4570-8E71-22BF04541866}.Debug|Any CPU.ActiveCfg = Debug|x64
		{8751E5D7-6F99-4570-8E71-22BF04541866}.Debug|Any CPU.Build.0 = Debug|x64
		{8751E5D7-6F99-4570-8E71-22BF04541866}.Release|Any CPU.ActiveCfg = Release|x64
		{8751E5D7-6F99-4570-8E71-22BF04541866}.Release|Any CPU.Build.0 = Release|x64
	EndGlobalSection
EndGlobal
